
Microsoft Visual Studio Solution File, Format Version 12.00
Project("{FAE04EC0-301F-11D3-BF4B-00C04F79EFBC}") = "EstimatingCycles", "EstimatingCycles.csproj", "{FC482791-D7E2-4F9F-87F6-26C64BD9D163}"
EndProject
Global
	GlobalSection(SolutionConfigurationPlatforms) = preSolution
		Debug|Any CPU = Debug|Any CPU
		Release|Any CPU = Release|Any CPU
	EndGlobalSection
	GlobalSection(ProjectConfigurationPlatforms) = postSolution
		{FC482791-D7E2-4F9F-87F6-26C64BD9D163}.Debug|Any CPU.ActiveCfg = Debug|Any CPU
		{FC482791-D7E2-4F9F-87F6-26C64BD9D163}.Debug|Any CPU.Build.0 = Debug|Any CPU
		{FC482791-D7E2-4F9F-87F6-26C64BD9D163}.Release|Any CPU.ActiveCfg = Release|Any CPU
		{FC482791-D7E2-4F9F-87F6-26C64BD9D163}.Release|Any CPU.Build.0 = Release|Any CPU
	EndGlobalSection
EndGlobal
